github.com/a-h/templ v0.2.680 h1:TflYFucxp5rmOxAXB9Xy3+QHTk8s8xG9+nCT/cLzjeE=
github.com/a-h/templ v0.2.680/go.mod h1:NQGQOycaPKBxRB14DmAaeIpcGC1AOBPJEMO4ozS7m90=
github.com/gorilla/mux v1.8.1 h1:TuBL49tXwgrFYWhqrNgrUNEY92u81SPhu7sTdzQEiWY=
github.com/gorilla/mux v1.8.1/go.mod h1:AKf9I4AEqPTmMytcMc0KkNouC66V3BtZ4qD5fmWSiMQ=
